// !$*UTF8*$!
{
	archiveVersion = 1;
	classes = {
	};
	objectVersion = 46;
	objects = {

/* Begin PBXBuildFile section */
		11F3F1311CB8CC1E00375174 /* main.m in Sources */ = {isa = PBXBuildFile; fileRef = 11F3F1301CB8CC1E00375174 /* main.m */; };
		11F3F1341CB8CC1E00375174 /* AppDelegate.m in Sources */ = {isa = PBXBuildFile; fileRef = 11F3F1331CB8CC1E00375174 /* AppDelegate.m */; };
		11F3F1371CB8CC1E00375174 /* ViewController.m in Sources */ = {isa = PBXBuildFile; fileRef = 11F3F1361CB8CC1E00375174 /* ViewController.m */; };
		11F3F13A1CB8CC1E00375174 /* Main.storyboard in Resources */ = {isa = PBXBuildFile; fileRef = 11F3F1381CB8CC1E00375174 /* Main.storyboard */; };
		11F3F13C1CB8CC1E00375174 /* Assets.xcassets in Resources */ = {isa = PBXBuildFile; fileRef = 11F3F13B1CB8CC1E00375174 /* Assets.xcassets */; };
		11F3F13F1CB8CC1E00375174 /* LaunchScreen.storyboard in Resources */ = {isa = PBXBuildFile; fileRef = 11F3F13D1CB8CC1E00375174 /* LaunchScreen.storyboard */; };
		11F3F14A1CB8CC1E00375174 /* SunShineCarTests.m in Sources */ = {isa = PBXBuildFile; fileRef = 11F3F1491CB8CC1E00375174 /* SunShineCarTests.m */; };
		11F3F1551CB8CC1E00375174 /* SunShineCarUITests.m in Sources */ = {isa = PBXBuildFile; fileRef = 11F3F1541CB8CC1E00375174 /* SunShineCarUITests.m */; };
/* End PBXBuildFile section */

/* Begin PBXContainerItemProxy section */
		11F3F1461CB8CC1E00375174 /* PBXContainerItemProxy */ = {
			isa = PBXContainerItemProxy;
			containerPortal = 11F3F1241CB8CC1E00375174 /* Project object */;
			proxyType = 1;
			remoteGlobalIDString = 11F3F12B1CB8CC1E00375174;
			remoteInfo = SunShineCar;
		};
		11F3F1511CB8CC1E00375174 /* PBXContainerItemProxy */ = {
			isa = PBXContainerItemProxy;
			containerPortal = 11F3F1241CB8CC1E00375174 /* Project object */;
			proxyType = 1;
			remoteGlobalIDString = 11F3F12B1CB8CC1E00375174;
			remoteInfo = SunShineCar;
		};
/* End PBXContainerItemProxy section */

/* Begin PBXFileReference section */
		11F3F12C1CB8CC1E00375174 /* SunShineCar.app */ = {isa = PBXFileReference; explicitFileType = wrapper.application; includeInIndex = 0; path = SunShineCar.app; sourceTree = BUILT_PRODUCTS_DIR; };
		11F3F1301CB8CC1E00375174 /* main.m */ = {isa = PBXFileReference; lastKnownFileType = sourcecode.c.objc; path = main.m; sourceTree = "<group>"; };
		11F3F1321CB8CC1E00375174 /* AppDelegate.h */ = {isa = PBXFileReference; lastKnownFileType = sourcecode.c.h; path = AppDelegate.h; sourceTree = "<group>"; };
		11F3F1331CB8CC1E00375174 /* AppDelegate.m */ = {isa = PBXFileReference; lastKnownFileType = sourcecode.c.objc; path = AppDelegate.m; sourceTree = "<group>"; };
		11F3F1351CB8CC1E00375174 /* ViewController.h */ = {isa = PBXFileReference; lastKnownFileType = sourcecode.c.h; path = ViewController.h; sourceTree = "<group>"; };
		11F3F1361CB8CC1E00375174 /* ViewController.m */ = {isa = PBXFileReference; lastKnownFileType = sourcecode.c.objc; path = ViewController.m; sourceTree = "<group>"; };
		11F3F1391CB8CC1E00375174 /* Base */ = {isa = PBXFileReference; lastKnownFileType = file.storyboard; name = Base; path = Base.lproj/Main.storyboard; sourceTree = "<group>"; };
		11F3F13B1CB8CC1E00375174 /* Assets.xcassets */ = {isa = PBXFileReference; lastKnownFileType = folder.assetcatalog; path = Assets.xcassets; sourceTree = "<group>"; };
		11F3F13E1CB8CC1E00375174 /* Base */ = {isa = PBXFileReference; lastKnownFileType = file.storyboard; name = Base; path = Base.lproj/LaunchScreen.storyboard; sourceTree = "<group>"; };
		11F3F1401CB8CC1E00375174 /* Info.plist */ = {isa = PBXFileReference; lastKnownFileType = text.plist.xml; path = Info.plist; sourceTree = "<group>"; };
		11F3F1451CB8CC1E00375174 /* SunShineCarTests.xctest */ = {isa = PBXFileReference; explicitFileType = wrapper.cfbundle; includeInIndex = 0; path = SunShineCarTests.xctest; sourceTree = BUILT_PRODUCTS_DIR; };
		11F3F1491CB8CC1E00375174 /* SunShineCarTests.m */ = {isa = PBXFileReference; lastKnownFileType = sourcecode.c.objc; path = SunShineCarTests.m; sourceTree = "<group>"; };
		11F3F14B1CB8CC1E00375174 /* Info.plist */ = {isa = PBXFileReference; lastKnownFileType = text.plist.xml; path = Info.plist; sourceTree = "<group>"; };
		11F3F1501CB8CC1E00375174 /* SunShineCarUITests.xctest */ = {isa = PBXFileReference; explicitFileType = wrapper.cfbundle; includeInIndex = 0; path = SunShineCarUITests.xctest; sourceTree = BUILT_PRODUCTS_DIR; };
		11F3F1541CB8CC1E00375174 /* SunShineCarUITests.m */ = {isa = PBXFileReference; lastKnownFileType = sourcecode.c.objc; path = SunShineCarUITests.m; sourceTree = "<group>"; };
		11F3F1561CB8CC1E00375174 /* Info.plist */ = {isa = PBXFileReference; lastKnownFileType = text.plist.xml; path = Info.plist; sourceTree = "<group>"; };
/* End PBXFileReference section */

/* Begin PBXFrameworksBuildPhase section */
		11F3F1291CB8CC1E00375174 /* Frameworks */ = {
			isa = PBXFrameworksBuildPhase;
			buildActionMask = 2147483647;
			files = (
			);
			runOnlyForDeploymentPostprocessing = 0;
		};
		11F3F1421CB8CC1E00375174 /* Frameworks */ = {
			isa = PBXFrameworksBuildPhase;
			buildActionMask = 2147483647;
			files = (
			);
			runOnlyForDeploymentPostprocessing = 0;
		};
		11F3F14D1CB8CC1E00375174 /* Frameworks */ = {
			isa = PBXFrameworksBuildPhase;
			buildActionMask = 2147483647;
			files = (
			);
			runOnlyForDeploymentPostprocessing = 0;
		};
/* End PBXFrameworksBuildPhase section */

/* Begin PBXGroup section */
		11F3F1231CB8CC1E00375174 = {
			isa = PBXGroup;
			children = (
				11F3F12E1CB8CC1E00375174 /* SunShineCar */,
				11F3F1481CB8CC1E00375174 /* SunShineCarTests */,
				11F3F1531CB8CC1E00375174 /* SunShineCarUITests */,
				11F3F12D1CB8CC1E00375174 /* Products */,
			);
			sourceTree = "<group>";
		};
		11F3F12D1CB8CC1E00375174 /* Products */ = {
			isa = PBXGroup;
			children = (
				11F3F12C1CB8CC1E00375174 /* SunShineCar.app */,
				11F3F1451CB8CC1E00375174 /* SunShineCarTests.xctest */,
				11F3F1501CB8CC1E00375174 /* SunShineCarUITests.xctest */,
			);
			name = Products;
			sourceTree = "<group>";
		};
		11F3F12E1CB8CC1E00375174 /* SunShineCar */ = {
			isa = PBXGroup;
			children = (
				11F3F1321CB8CC1E00375174 /* AppDelegate.h */,
				11F3F1331CB8CC1E00375174 /* AppDelegate.m */,
				11F3F1351CB8CC1E00375174 /* ViewController.h */,
				11F3F1361CB8CC1E00375174 /* ViewController.m */,
				11F3F1381CB8CC1E00375174 /* Main.storyboard */,
				11F3F13B1CB8CC1E00375174 /* Assets.xcassets */,
				11F3F13D1CB8CC1E00375174 /* LaunchScreen.storyboard */,
				11F3F1401CB8CC1E00375174 /* Info.plist */,
				11F3F12F1CB8CC1E00375174 /* Supporting Files */,
			);
			path = SunShineCar;
			sourceTree = "<group>";
		};
		11F3F12F1CB8CC1E00375174 /* Supporting Files */ = {
			isa = PBXGroup;
			children = (
				11F3F1301CB8CC1E00375174 /* main.m */,
			);
			name = "Supporting Files";
			sourceTree = "<group>";
		};
		11F3F1481CB8CC1E00375174 /* SunShineCarTests */ = {
			isa = PBXGroup;
			children = (
				11F3F1491CB8CC1E00375174 /* SunShineCarTests.m */,
				11F3F14B1CB8CC1E00375174 /* Info.plist */,
			);
			path = SunShineCarTests;
			sourceTree = "<group>";
		};
		11F3F1531CB8CC1E00375174 /* SunShineCarUITests */ = {
			isa = PBXGroup;
			children = (
				11F3F1541CB8CC1E00375174 /* SunShineCarUITests.m */,
				11F3F1561CB8CC1E00375174 /* Info.plist */,
			);
			path = SunShineCarUITests;
			sourceTree = "<group>";
		};
/* End PBXGroup section */

/* Begin PBXNativeTarget section */
		11F3F12B1CB8CC1E00375174 /* SunShineCar */ = {
			isa = PBXNativeTarget;
			buildConfigurationList = 11F3F1591CB8CC1E00375174 /* Build configuration list for PBXNativeTarget "SunShineCar" */;
			buildPhases = (
				11F3F1281CB8CC1E00375174 /* Sources */,
				11F3F1291CB8CC1E00375174 /* Frameworks */,
				11F3F12A1CB8CC1E00375174 /* Resources */,
			);
			buildRules = (
			);
			dependencies = (
			);
			name = SunShineCar;
			productName = SunShineCar;
			productReference = 11F3F12C1CB8CC1E00375174 /* SunShineCar.app */;
			productType = "com.apple.product-type.application";
		};
		11F3F1441CB8CC1E00375174 /* SunShineCarTests */ = {
			isa = PBXNativeTarget;
			buildConfigurationList = 11F3F15C1CB8CC1E00375174 /* Build configuration list for PBXNativeTarget "SunShineCarTests" */;
			buildPhases = (
				11F3F1411CB8CC1E00375174 /* Sources */,
				11F3F1421CB8CC1E00375174 /* Frameworks */,
				11F3F1431CB8CC1E00375174 /* Resources */,
			);
			buildRules = (
			);
			dependencies = (
				11F3F1471CB8CC1E00375174 /* PBXTargetDependency */,
			);
			name = SunShineCarTests;
			productName = SunShineCarTests;
			productReference = 11F3F1451CB8CC1E00375174 /* SunShineCarTests.xctest */;
			productType = "com.apple.product-type.bundle.unit-test";
		};
		11F3F14F1CB8CC1E00375174 /* SunShineCarUITests */ = {
			isa = PBXNativeTarget;
			buildConfigurationList = 11F3F15F1CB8CC1E00375174 /* Build configuration list for PBXNativeTarget "SunShineCarUITests" */;
			buildPhases = (
				11F3F14C1CB8CC1E00375174 /* Sources */,
				11F3F14D1CB8CC1E00375174 /* Frameworks */,
				11F3F14E1CB8CC1E00375174 /* Resources */,
			);
			buildRules = (
			);
			dependencies = (
				11F3F1521CB8CC1E00375174 /* PBXTargetDependency */,
			);
			name = SunShineCarUITests;
			productName = SunShineCarUITests;
			productReference = 11F3F1501CB8CC1E00375174 /* SunShineCarUITests.xctest */;
			productType = "com.apple.product-type.bundle.ui-testing";
		};
/* End PBXNativeTarget section */

/* Begin PBXProject section */
		11F3F1241CB8CC1E00375174 /* Project object */ = {
			isa = PBXProject;
			attributes = {
				LastUpgradeCheck = 0710;
				ORGANIZATIONNAME = stellar;
				TargetAttributes = {
					11F3F12B1CB8CC1E00375174 = {
						CreatedOnToolsVersion = 7.1;
					};
					11F3F1441CB8CC1E00375174 = {
						CreatedOnToolsVersion = 7.1;
						TestTargetID = 11F3F12B1CB8CC1E00375174;
					};
					11F3F14F1CB8CC1E00375174 = {
						CreatedOnToolsVersion = 7.1;
						TestTargetID = 11F3F12B1CB8CC1E00375174;
					};
				};
			};
			buildConfigurationList = 11F3F1271CB8CC1E00375174 /* Build configuration list for PBXProject "SunShineCar" */;
			compatibilityVersion = "Xcode 3.2";
			developmentRegion = English;
			hasScannedForEncodings = 0;
			knownRegions = (
				en,
				Base,
			);
			mainGroup = 11F3F1231CB8CC1E00375174;
			productRefGroup = 11F3F12D1CB8CC1E00375174 /* Products */;
			projectDirPath = "";
			projectRoot = "";
			targets = (
				11F3F12B1CB8CC1E00375174 /* SunShineCar */,
				11F3F1441CB8CC1E00375174 /* SunShineCarTests */,
				11F3F14F1CB8CC1E00375174 /* SunShineCarUITests */,
			);
		};
/* End PBXProject section */

/* Begin PBXResourcesBuildPhase section */
		11F3F12A1CB8CC1E00375174 /* Resources */ = {
			isa = PBXResourcesBuildPhase;
			buildActionMask = 2147483647;
			files = (
				11F3F13F1CB8CC1E00375174 /* LaunchScreen.storyboard in Resources */,
				11F3F13C1CB8CC1E00375174 /* Assets.xcassets in Resources */,
				11F3F13A1CB8CC1E00375174 /* Main.storyboard in Resources */,
			);
			runOnlyForDeploymentPostprocessing = 0;
		};
		11F3F1431CB8CC1E00375174 /* Resources */ = {
			isa = PBXResourcesBuildPhase;
			buildActionMask = 2147483647;
			files = (
			);
			runOnlyForDeploymentPostprocessing = 0;
		};
		11F3F14E1CB8CC1E00375174 /* Resources */ = {
			isa = PBXResourcesBuildPhase;
			buildActionMask = 2147483647;
			files = (
			);
			runOnlyForDeploymentPostprocessing = 0;
		};
/* End PBXResourcesBuildPhase section */

/* Begin PBXSourcesBuildPhase section */
		11F3F1281CB8CC1E00375174 /* Sources */ = {
			isa = PBXSourcesBuildPhase;
			buildActionMask = 2147483647;
			files = (
				11F3F1371CB8CC1E00375174 /* ViewController.m in Sources */,
				11F3F1341CB8CC1E00375174 /* AppDelegate.m in Sources */,
				11F3F1311CB8CC1E00375174 /* main.m in Sources */,
			);
			runOnlyForDeploymentPostprocessing = 0;
		};
		11F3F1411CB8CC1E00375174 /* Sources */ = {
			isa = PBXSourcesBuildPhase;
			buildActionMask = 2147483647;
			files = (
				11F3F14A1CB8CC1E00375174 /* SunShineCarTests.m in Sources */,
			);
			runOnlyForDeploymentPostprocessing = 0;
		};
		11F3F14C1CB8CC1E00375174 /* Sources */ = {
			isa = PBXSourcesBuildPhase;
			buildActionMask = 2147483647;
			files = (
				11F3F1551CB8CC1E00375174 /* SunShineCarUITests.m in Sources */,
			);
			runOnlyForDeploymentPostprocessing = 0;
		};
/* End PBXSourcesBuildPhase section */

/* Begin PBXTargetDependency section */
		11F3F1471CB8CC1E00375174 /* PBXTargetDependency */ = {
			isa = PBXTargetDependency;
			target = 11F3F12B1CB8CC1E00375174 /* SunShineCar */;
			targetProxy = 11F3F1461CB8CC1E00375174 /* PBXContainerItemProxy */;
		};
		11F3F1521CB8CC1E00375174 /* PBXTargetDependency */ = {
			isa = PBXTargetDependency;
			target = 11F3F12B1CB8CC1E00375174 /* SunShineCar */;
			targetProxy = 11F3F1511CB8CC1E00375174 /* PBXContainerItemProxy */;
		};
/* End PBXTargetDependency section */

/* Begin PBXVariantGroup section */
		11F3F1381CB8CC1E00375174 /* Main.storyboard */ = {
			isa = PBXVariantGroup;
			children = (
				11F3F1391CB8CC1E00375174 /* Base */,
			);
			name = Main.storyboard;
			sourceTree = "<group>";
		};
		11F3F13D1CB8CC1E00375174 /* LaunchScreen.storyboard */ = {
			isa = PBXVariantGroup;
			children = (
				11F3F13E1CB8CC1E00375174 /* Base */,
			);
			name = LaunchScreen.storyboard;
			sourceTree = "<group>";
		};
/* End PBXVariantGroup section */

/* Begin XCBuildConfiguration section */
		11F3F1571CB8CC1E00375174 /* Debug */ = {
			isa = XCBuildConfiguration;
			buildSettings = {
				ALWAYS_SEARCH_USER_PATHS = NO;
				CLANG_CXX_LANGUAGE_STANDARD = "gnu++0x";
				CLANG_CXX_LIBRARY = "libc++";
				CLANG_ENABLE_MODULES = YES;
				CLANG_ENABLE_OBJC_ARC = YES;
				CLANG_WARN_BOOL_CONVERSION = YES;
				CLANG_WARN_CONSTANT_CONVERSION = YES;
				CLANG_WARN_DIRECT_OBJC_ISA_USAGE = YES_ERROR;
				CLANG_WARN_EMPTY_BODY = YES;
				CLANG_WARN_ENUM_CONVERSION = YES;
				CLANG_WARN_INT_CONVERSION = YES;
				CLANG_WARN_OBJC_ROOT_CLASS = YES_ERROR;
				CLANG_WARN_UNREACHABLE_CODE = YES;
				CLANG_WARN__DUPLICATE_METHOD_MATCH = YES;
				"CODE_SIGN_IDENTITY[sdk=iphoneos*]" = "iPhone Developer";
				COPY_PHASE_STRIP = NO;
				DEBUG_INFORMATION_FORMAT = dwarf;
				ENABLE_STRICT_OBJC_MSGSEND = YES;
				ENABLE_TESTABILITY = YES;
				GCC_C_LANGUAGE_STANDARD = gnu99;
				GCC_DYNAMIC_NO_PIC = NO;
				GCC_NO_COMMON_BLOCKS = YES;
				GCC_OPTIMIZATION_LEVEL = 0;
				GCC_PREPROCESSOR_DEFINITIONS = (
					"DEBUG=1",
					"$(inherited)",
				);
				GCC_WARN_64_TO_32_BIT_CONVERSION = YES;
				GCC_WARN_ABOUT_RETURN_TYPE = YES_ERROR;
				GCC_WARN_UNDECLARED_SELECTOR = YES;
				GCC_WARN_UNINITIALIZED_AUTOS = YES_AGGRESSIVE;
				GCC_WARN_UNUSED_FUNCTION = YES;
				GCC_WARN_UNUSED_VARIABLE = YES;
				IPHONEOS_DEPLOYMENT_TARGET = 9.1;
				MTL_ENABLE_DEBUG_INFO = YES;
				ONLY_ACTIVE_ARCH = YES;
				SDKROOT = iphoneos;
				TARGETED_DEVICE_FAMILY = "1,2";
			};
			name = Debug;
		};
		11F3F1581CB8CC1E00375174 /* Release */ = {
			isa = XCBuildConfiguration;
			buildSettings = {
				ALWAYS_SEARCH_USER_PATHS = NO;
				CLANG_CXX_LANGUAGE_STANDARD = "gnu++0x";
				CLANG_CXX_LIBRARY = "libc++";
				CLANG_ENABLE_MODULES = YES;
				CLANG_ENABLE_OBJC_ARC = YES;
				CLANG_WARN_BOOL_CONVERSION = YES;
				CLANG_WARN_CONSTANT_CONVERSION = YES;
				CLANG_WARN_DIRECT_OBJC_ISA_USAGE = YES_ERROR;
				CLANG_WARN_EMPTY_BODY = YES;
				CLANG_WARN_ENUM_CONVERSION = YES;
				CLANG_WARN_INT_CONVERSION = YES;
				CLANG_WARN_OBJC_ROOT_CLASS = YES_ERROR;
				CLANG_WARN_UNREACHABLE_CODE = YES;
				CLANG_WARN__DUPLICATE_METHOD_MATCH = YES;
				"CODE_SIGN_IDENTITY[sdk=iphoneos*]" = "iPhone Developer";
				COPY_PHASE_STRIP = NO;
				DEBUG_INFORMATION_FORMAT = "dwarf-with-dsym";
				ENABLE_NS_ASSERTIONS = NO;
				ENABLE_STRICT_OBJC_MSGSEND = YES;
				GCC_C_LANGUAGE_STANDARD = gnu99;
				GCC_NO_COMMON_BLOCKS = YES;
				GCC_WARN_64_TO_32_BIT_CONVERSION = YES;
				GCC_WARN_ABOUT_RETURN_TYPE = YES_ERROR;
				GCC_WARN_UNDECLARED_SELECTOR = YES;
				GCC_WARN_UNINITIALIZED_AUTOS = YES_AGGRESSIVE;
				GCC_WARN_UNUSED_FUNCTION = YES;
				GCC_WARN_UNUSED_VARIABLE = YES;
				IPHONEOS_DEPLOYMENT_TARGET = 9.1;
				MTL_ENABLE_DEBUG_INFO = NO;
				SDKROOT = iphoneos;
				TARGETED_DEVICE_FAMILY = "1,2";
				VALIDATE_PRODUCT = YES;
			};
			name = Release;
		};
		11F3F15A1CB8CC1E00375174 /* Debug */ = {
			isa = XCBuildConfiguration;
			buildSettings = {
				ASSETCATALOG_COMPILER_APPICON_NAME = AppIcon;
				INFOPLIST_FILE = SunShineCar/Info.plist;
				LD_RUNPATH_SEARCH_PATHS = "$(inherited) @executable_path/Frameworks";
				PRODUCT_BUNDLE_IDENTIFIER = com.zting.SunShineCar;
				PRODUCT_NAME = "$(TARGET_NAME)";
			};
			name = Debug;
		};
		11F3F15B1CB8CC1E00375174 /* Release */ = {
			isa = XCBuildConfiguration;
			buildSettings = {
				ASSETCATALOG_COMPILER_APPICON_NAME = AppIcon;
				INFOPLIST_FILE = SunShineCar/Info.plist;
				LD_RUNPATH_SEARCH_PATHS = "$(inherited) @executable_path/Frameworks";
				PRODUCT_BUNDLE_IDENTIFIER = com.zting.SunShineCar;
				PRODUCT_NAME = "$(TARGET_NAME)";
			};
			name = Release;
		};
		11F3F15D1CB8CC1E00375174 /* Debug */ = {
			isa = XCBuildConfiguration;
			buildSettings = {
				BUNDLE_LOADER = "$(TEST_HOST)";
				INFOPLIST_FILE = SunShineCarTests/Info.plist;
				LD_RUNPATH_SEARCH_PATHS = "$(inherited) @executable_path/Frameworks @loader_path/Frameworks";
				PRODUCT_BUNDLE_IDENTIFIER = com.zting.SunShineCarTests;
				PRODUCT_NAME = "$(TARGET_NAME)";
				TEST_HOST = "$(BUILT_PRODUCTS_DIR)/SunShineCar.app/SunShineCar";
			};
			name = Debug;
		};
		11F3F15E1CB8CC1E00375174 /* Release */ = {
			isa = XCBuildConfiguration;
			buildSettings = {
				BUNDLE_LOADER = "$(TEST_HOST)";
				INFOPLIST_FILE = SunShineCarTests/Info.plist;
				LD_RUNPATH_SEARCH_PATHS = "$(inherited) @executable_path/Frameworks @loader_path/Frameworks";
				PRODUCT_BUNDLE_IDENTIFIER = com.zting.SunShineCarTests;
				PRODUCT_NAME = "$(TARGET_NAME)";
				TEST_HOST = "$(BUILT_PRODUCTS_DIR)/SunShineCar.app/SunShineCar";
			};
			name = Release;
		};
		11F3F1601CB8CC1E00375174 /* Debug */ = {
			isa = XCBuildConfiguration;
			buildSettings = {
				INFOPLIST_FILE = SunShineCarUITests/Info.plist;
				LD_RUNPATH_SEARCH_PATHS = "$(inherited) @executable_path/Frameworks @loader_path/Frameworks";
				PRODUCT_BUNDLE_IDENTIFIER = com.zting.SunShineCarUITests;
				PRODUCT_NAME = "$(TARGET_NAME)";
				TEST_TARGET_NAME = SunShineCar;
				USES_XCTRUNNER = YES;
			};
			name = Debug;
		};
		11F3F1611CB8CC1E00375174 /* Release */ = {
			isa = XCBuildConfiguration;
			buildSettings = {
				INFOPLIST_FILE = SunShineCarUITests/Info.plist;
				LD_RUNPATH_SEARCH_PATHS = "$(inherited) @executable_path/Frameworks @loader_path/Frameworks";
				PRODUCT_BUNDLE_IDENTIFIER = com.zting.SunShineCarUITests;
				PRODUCT_NAME = "$(TARGET_NAME)";
				TEST_TARGET_NAME = SunShineCar;
				USES_XCTRUNNER = YES;
			};
			name = Release;
		};
/* End XCBuildConfiguration section */

/* Begin XCConfigurationList section */
		11F3F1271CB8CC1E00375174 /* Build configuration list for PBXProject "SunShineCar" */ = {
			isa = XCConfigurationList;
			buildConfigurations = (
				11F3F1571CB8CC1E00375174 /* Debug */,
				11F3F1581CB8CC1E00375174 /* Release */,
			);
			defaultConfigurationIsVisible = 0;
			defaultConfigurationName = Release;
		};
		11F3F1591CB8CC1E00375174 /* Build configuration list for PBXNativeTarget "SunShineCar" */ = {
			isa = XCConfigurationList;
			buildConfigurations = (
				11F3F15A1CB8CC1E00375174 /* Debug */,
				11F3F15B1CB8CC1E00375174 /* Release */,
			);
			defaultConfigurationIsVisible = 0;
		};
		11F3F15C1CB8CC1E00375174 /* Build configuration list for PBXNativeTarget "SunShineCarTests" */ = {
			isa = XCConfigurationList;
			buildConfigurations = (
				11F3F15D1CB8CC1E00375174 /* Debug */,
				11F3F15E1CB8CC1E00375174 /* Release */,
			);
			defaultConfigurationIsVisible = 0;
		};
		11F3F15F1CB8CC1E00375174 /* Build configuration list for PBXNativeTarget "SunShineCarUITests" */ = {
			isa = XCConfigurationList;
			buildConfigurations = (
				11F3F1601CB8CC1E00375174 /* Debug */,
				11F3F1611CB8CC1E00375174 /* Release */,
			);
			defaultConfigurationIsVisible = 0;
		};
/* End XCConfigurationList section */
	};
	rootObject = 11F3F1241CB8CC1E00375174 /* Project object */;
}
